# This file is automatically @generated by Cargo.
# It is not intended for manual editing.
version = 4

[[package]]
name = "contains-duplicate"
version = "0.1.0"

[[package]]
name = "group-anagrams"
version = "0.1.0"

[[package]]
name = "top-k-frequent-elements"
version = "0.1.0"

[[package]]
name = "two-sum"
version = "0.1.0"

[[package]]
name = "valid-anagram"
version = "0.1.0"
