# This file is @generated by PDM.
# It is not intended for manual editing.

[metadata]
groups = ["default"]
strategy = []
lock_version = "4.5.0"
content_hash = "sha256:ae808a16d0a80546ce4795b4c4b8f7b13ecb646c4f6fcfb32c19ead2f5ed39a0"

[[metadata.targets]]
requires_python = ">=3.14"

[[package]]
name = "certifi"
version = "2025.10.5"
summary = ""
files = [
    {file = "certifi-2025.10.5-py3-none-any.whl", hash = "sha256:0f212c2744a9bb6de0c56639a6f68afe01ecd92d91f14ae897c4fe7bbeeef0de"},
    {file = "certifi-2025.10.5.tar.gz", hash = "sha256:47c09d31ccf2acf0be3f701ea53595ee7e0b8fa08801c6624be771df09ae7b43"},
]

[[package]]
name = "charset-normalizer"
version = "3.4.4"
summary = ""
files = [
    {file = "charset_normalizer-3.4.4-cp314-cp314-macosx_10_13_universal2.whl", hash = "sha256:da3326d9e65ef63a817ecbcc0df6e94463713b754fe293eaa03da99befb9a5bd"},
    {file = "charset_normalizer-3.4.4-cp314-cp314-manylinux2014_aarch64.manylinux_2_17_aarch64.manylinux_2_28_aarch64.whl", hash = "sha256:8af65f14dc14a79b924524b1e7fffe304517b2bff5a58bf64f30b98bbc5079eb"},
    {file = "charset_normalizer-3.4.4-cp314-cp314-manylinux2014_armv7l.manylinux_2_17_armv7l.manylinux_2_31_armv7l.whl", hash = "sha256:74664978bb272435107de04e36db5a9735e78232b85b77d45cfb38f758efd33e"},
    {file = "charset_normalizer-3.4.4-cp314-cp314-manylinux2014_ppc64le.manylinux_2_17_ppc64le.manylinux_2_28_ppc64le.whl", hash = "sha256:752944c7ffbfdd10c074dc58ec2d5a8a4cd9493b314d367c14d24c17684ddd14"},
    {file = "charset_normalizer-3.4.4-cp314-cp314-manylinux2014_s390x.manylinux_2_17_s390x.manylinux_2_28_s390x.whl", hash = "sha256:d1f13550535ad8cff21b8d757a3257963e951d96e20ec82ab44bc64aeb62a191"},
    {file = "charset_normalizer-3.4.4-cp314-cp314-manylinux2014_x86_64.manylinux_2_17_x86_64.manylinux_2_28_x86_64.whl", hash = "sha256:ecaae4149d99b1c9e7b88bb03e3221956f68fd6d50be2ef061b2381b61d20838"},
    {file = "charset_normalizer-3.4.4-cp314-cp314-manylinux_2_31_riscv64.manylinux_2_39_riscv64.whl", hash = "sha256:cb6254dc36b47a990e59e1068afacdcd02958bdcce30bb50cc1700a8b9d624a6"},
    {file = "charset_normalizer-3.4.4-cp314-cp314-musllinux_1_2_aarch64.whl", hash = "sha256:c8ae8a0f02f57a6e61203a31428fa1d677cbe50c93622b4149d5c0f319c1d19e"},
    {file = "charset_normalizer-3.4.4-cp314-cp314-musllinux_1_2_armv7l.whl", hash = "sha256:47cc91b2f4dd2833fddaedd2893006b0106129d4b94fdb6af1f4ce5a9965577c"},
    {file = "charset_normalizer-3.4.4-cp314-cp314-musllinux_1_2_ppc64le.whl", hash = "sha256:82004af6c302b5d3ab2cfc4cc5f29db16123b1a8417f2e25f9066f91d4411090"},
    {file = "charset_normalizer-3.4.4-cp314-cp314-musllinux_1_2_riscv64.whl", hash = "sha256:2b7d8f6c26245217bd2ad053761201e9f9680f8ce52f0fcd8d0755aeae5b2152"},
    {file = "charset_normalizer-3.4.4-cp314-cp314-musllinux_1_2_s390x.whl", hash = "sha256:799a7a5e4fb2d5898c60b640fd4981d6a25f1c11790935a44ce38c54e985f828"},
    {file = "charset_normalizer-3.4.4-cp314-cp314-musllinux_1_2_x86_64.whl", hash = "sha256:99ae2cffebb06e6c22bdc25801d7b30f503cc87dbd283479e7b606f70aff57ec"},
    {file = "charset_normalizer-3.4.4-cp314-cp314-win32.whl", hash = "sha256:f9d332f8c2a2fcbffe1378594431458ddbef721c1769d78e2cbc06280d8155f9"},
    {file = "charset_normalizer-3.4.4-cp314-cp314-win_amd64.whl", hash = "sha256:8a6562c3700cce886c5be75ade4a5db4214fda19fede41d9792d100288d8f94c"},
    {file = "charset_normalizer-3.4.4-cp314-cp314-win_arm64.whl", hash = "sha256:de00632ca48df9daf77a2c65a484531649261ec9f25489917f09e455cb09ddb2"},
    {file = "charset_normalizer-3.4.4-py3-none-any.whl", hash = "sha256:7a32c560861a02ff789ad905a2fe94e3f840803362c84fecf1851cb4cf3dc37f"},
    {file = "charset_normalizer-3.4.4.tar.gz", hash = "sha256:94537985111c35f28720e43603b8e7b43a6ecfb2ce1d3058bbe955b73404e21a"},
]

[[package]]
name = "click"
version = "8.3.0"
summary = ""
dependencies = [
    "colorama; sys_platform == \"win32\"",
]
files = [
    {file = "click-8.3.0-py3-none-any.whl", hash = "sha256:9b9f285302c6e3064f4330c05f05b81945b2a39544279343e6e7c5f27a9baddc"},
    {file = "click-8.3.0.tar.gz", hash = "sha256:e7b8232224eba16f4ebe410c25ced9f7875cb5f3263ffc93cc3e8da705e229c4"},
]

[[package]]
name = "colorama"
version = "0.4.6"
summary = ""
files = [
    {file = "colorama-0.4.6-py2.py3-none-any.whl", hash = "sha256:4f1d9991f5acc0ca119f9d443620b77f9d6b33703e51011c16baf57afb285fc6"},
    {file = "colorama-0.4.6.tar.gz", hash = "sha256:08695f5cb7ed6e0531a20572697297273c47b8cae5a63ffc6d6ed5c201be6e44"},
]

[[package]]
name = "idna"
version = "3.11"
summary = ""
files = [
    {file = "idna-3.11-py3-none-any.whl", hash = "sha256:771a87f49d9defaf64091e6e6fe9c18d4833f140bd19464795bc32d966ca37ea"},
    {file = "idna-3.11.tar.gz", hash = "sha256:795dafcc9c04ed0c1fb032c2aa73654d8e8c5023a7df64a53f39190ada629902"},
]

[[package]]
name = "loguru"
version = "0.7.3"
summary = ""
dependencies = [
    "colorama; sys_platform == \"win32\"",
    "win32-setctime; sys_platform == \"win32\"",
]
files = [
    {file = "loguru-0.7.3-py3-none-any.whl", hash = "sha256:31a33c10c8e1e10422bfd431aeb5d351c7cf7fa671e3c4df004162264b28220c"},
    {file = "loguru-0.7.3.tar.gz", hash = "sha256:19480589e77d47b8d85b2c827ad95d49bf31b0dcde16593892eb51dd18706eb6"},
]

[[package]]
name = "polars"
version = "1.35.2"
summary = ""
dependencies = [
    "polars-runtime-32",
]
files = [
    {file = "polars-1.35.2-py3-none-any.whl", hash = "sha256:5e8057c8289ac148c793478323b726faea933d9776bd6b8a554b0ab7c03db87e"},
    {file = "polars-1.35.2.tar.gz", hash = "sha256:ae458b05ca6e7ca2c089342c70793f92f1103c502dc1b14b56f0a04f2cc1d205"},
]

[[package]]
name = "polars-runtime-32"
version = "1.35.2"
summary = ""
files = [
    {file = "polars_runtime_32-1.35.2-cp39-abi3-macosx_10_12_x86_64.whl", hash = "sha256:e465d12a29e8df06ea78947e50bd361cdf77535cd904fd562666a8a9374e7e3a"},
    {file = "polars_runtime_32-1.35.2-cp39-abi3-macosx_11_0_arm64.whl", hash = "sha256:ef2b029b78f64fb53f126654c0bfa654045c7546bd0de3009d08bd52d660e8cc"},
    {file = "polars_runtime_32-1.35.2-cp39-abi3-manylinux_2_17_x86_64.manylinux2014_x86_64.whl", hash = "sha256:85dda0994b5dff7f456bb2f4bbd22be9a9e5c5e28670e23fedb13601ec99a46d"},
    {file = "polars_runtime_32-1.35.2-cp39-abi3-manylinux_2_24_aarch64.whl", hash = "sha256:3b9006902fc51b768ff747c0f74bd4ce04005ee8aeb290ce9c07ce1cbe1b58a9"},
    {file = "polars_runtime_32-1.35.2-cp39-abi3-win_amd64.whl", hash = "sha256:ddc015fac39735592e2e7c834c02193ba4d257bb4c8c7478b9ebe440b0756b84"},
    {file = "polars_runtime_32-1.35.2-cp39-abi3-win_arm64.whl", hash = "sha256:6861145aa321a44eda7cc6694fb7751cb7aa0f21026df51b5faa52e64f9dc39b"},
    {file = "polars_runtime_32-1.35.2.tar.gz", hash = "sha256:6e6e35733ec52abe54b7d30d245e6586b027d433315d20edfb4a5d162c79fe90"},
]

[[package]]
name = "requests"
version = "2.32.5"
summary = ""
dependencies = [
    "certifi",
    "charset-normalizer",
    "idna",
    "urllib3",
]
files = [
    {file = "requests-2.32.5-py3-none-any.whl", hash = "sha256:2462f94637a34fd532264295e186976db0f5d453d1cdd31473c85a6a161affb6"},
    {file = "requests-2.32.5.tar.gz", hash = "sha256:dbba0bac56e100853db0ea71b82b4dfd5fe2bf6d3754a8893c3af500cec7d7cf"},
]

[[package]]
name = "toml"
version = "0.10.2"
summary = ""
files = [
    {file = "toml-0.10.2-py2.py3-none-any.whl", hash = "sha256:806143ae5bfb6a3c6e736a764057db0e6a0e05e338b5630894a5f779cabb4f9b"},
    {file = "toml-0.10.2.tar.gz", hash = "sha256:b3bda1d108d5dd99f4a20d24d9c348e91c4db7ab1b749200bded2f839ccbe68f"},
]

[[package]]
name = "urllib3"
version = "2.5.0"
summary = ""
files = [
    {file = "urllib3-2.5.0-py3-none-any.whl", hash = "sha256:e6b01673c0fa6a13e374b50871808eb3bf7046c4b125b216f6bf1cc604cff0dc"},
    {file = "urllib3-2.5.0.tar.gz", hash = "sha256:3fc47733c7e419d4bc3f6b3dc2b4f890bb743906a30d56ba4a5bfa4bbff92760"},
]

[[package]]
name = "win32-setctime"
version = "1.2.0"
summary = ""
files = [
    {file = "win32_setctime-1.2.0-py3-none-any.whl", hash = "sha256:95d644c4e708aba81dc3704a116d8cbc974d70b3bdb8be1d150e36be6e9d1390"},
    {file = "win32_setctime-1.2.0.tar.gz", hash = "sha256:ae1fdf948f5640aae05c511ade119313fb6a30d7eabe25fef9764dca5873c4c0"},
]
